
Microsoft Visual Studio Solution File, Format Version 12.00
# Visual Studio Version 16
VisualStudioVersion = 16.0.30523.141
MinimumVisualStudioVersion = 10.0.40219.1
Project("{FAE04EC0-301F-11D3-BF4B-00C04F79EFBC}") = "Ticket Manager", "Ticket Manager\Ticket Manager.csproj", "{3B905058-E58F-45A6-90CC-E51209791FC4}"
EndProject
Global
	GlobalSection(SolutionConfigurationPlatforms) = preSolution
		Debug|Any CPU = Debug|Any CPU
		Release|Any CPU = Release|Any CPU
	EndGlobalSection
	GlobalSection(ProjectConfigurationPlatforms) = postSolution
		{3B905058-E58F-45A6-90CC-E51209791FC4}.Debug|Any CPU.ActiveCfg = Debug|Any CPU
		{3B905058-E58F-45A6-90CC-E51209791FC4}.Debug|Any CPU.Build.0 = Debug|Any CPU
		{3B905058-E58F-45A6-90CC-E51209791FC4}.Release|Any CPU.ActiveCfg = Release|Any CPU
		{3B905058-E58F-45A6-90CC-E51209791FC4}.Release|Any CPU.Build.0 = Release|Any CPU
	EndGlobalSection
	GlobalSection(SolutionProperties) = preSolution
		HideSolutionNode = FALSE
	EndGlobalSection
	GlobalSection(ExtensibilityGlobals) = postSolution
		SolutionGuid = {7ED8318D-7A0F-4BCD-B2F5-D7F4EE09A27C}
	EndGlobalSection
EndGlobal
